{
  "name": "@thezelijah/majik-user",
  "version": "1.0.0",
  "lockfileVersion": 3,
  "requires": true,
  "packages": {
    "": {
      "name": "@thezelijah/majik-user",
      "version": "1.0.0",
      "license": "Apache-2.0",
      "dependencies": {
        "@stablelib/sha256": "^2.0.1",
        "uuid": "^13.0.0"
      }
    },
    "node_modules/@stablelib/binary": {
      "version": "2.0.1",
      "resolved": "https://registry.npmjs.org/@stablelib/binary/-/binary-2.0.1.tgz",
      "integrity": "sha512-U9iAO8lXgEDONsA0zPPSgcf3HUBNAqHiJmSHgZz62OvC3Hi2Bhc5kTnQ3S1/L+sthDTHtCMhcEiklmIly6uQ3w==",
      "license": "MIT",
      "dependencies": {
        "@stablelib/int": "^2.0.1"
      }
    },
    "node_modules/@stablelib/hash": {
      "version": "2.0.0",
      "resolved": "https://registry.npmjs.org/@stablelib/hash/-/hash-2.0.0.tgz",
      "integrity": "sha512-u3WPSqGido8lwJuMcrBgM5K54LrPGhkWAdtsyccf7dGsLixAZUds77zOAbu7bvKPwQlmoByH0txBi5rTmEKuHg==",
      "license": "MIT"
    },
    "node_modules/@stablelib/int": {
      "version": "2.0.1",
      "resolved": "https://registry.npmjs.org/@stablelib/int/-/int-2.0.1.tgz",
      "integrity": "sha512-Ht63fQp3wz/F8U4AlXEPb7hfJOIILs8Lq55jgtD7KueWtyjhVuzcsGLSTAWtZs3XJDZYdF1WcSKn+kBtbzupww==",
      "license": "MIT"
    },
    "node_modules/@stablelib/sha256": {
      "version": "2.0.1",
      "resolved": "https://registry.npmjs.org/@stablelib/sha256/-/sha256-2.0.1.tgz",
      "integrity": "sha512-LA1PaLDc6Lv72ppA4PEZ7abDE741KfG7k7QhBiUyIfViMqrwWv8HqQQFPeuPfS4k2OxFv++IAgc8HlvdBatD+w==",
      "license": "MIT",
      "dependencies": {
        "@stablelib/binary": "^2.0.1",
        "@stablelib/hash": "^2.0.0",
        "@stablelib/wipe": "^2.0.1"
      }
    },
    "node_modules/@stablelib/wipe": {
      "version": "2.0.1",
      "resolved": "https://registry.npmjs.org/@stablelib/wipe/-/wipe-2.0.1.tgz",
      "integrity": "sha512-1eU2K9EgOcV4qc9jcP6G72xxZxEm5PfeI5H55l08W95b4oRJaqhmlWRc4xZAm6IVSKhVNxMi66V67hCzzuMTAg==",
      "license": "MIT"
    },
    "node_modules/uuid": {
      "version": "13.0.0",
      "resolved": "https://registry.npmjs.org/uuid/-/uuid-13.0.0.tgz",
      "integrity": "sha512-XQegIaBTVUjSHliKqcnFqYypAd4S+WCYt5NIeRs6w/UAry7z8Y9j5ZwRRL4kzq9U3sD6v+85er9FvkEaBpji2w==",
      "funding": [
        "https://github.com/sponsors/broofa",
        "https://github.com/sponsors/ctavan"
      ],
      "license": "MIT",
      "bin": {
        "uuid": "dist-node/bin/uuid"
      }
    }
  }
}
